{
  "name": "morbin",
  "version": "2.0.0",
  "lockfileVersion": 2,
  "requires": true,
  "packages": {
    "": {
      "name": "morbin",
      "version": "2.0.0",
      "license": "MIT",
      "dependencies": {
        "algorithmia": "^0.3.10",
        "morsee": "^1.0.8"
      }
    },
    "node_modules/algorithmia": {
      "version": "0.3.10",
      "resolved": "https://registry.npmjs.org/algorithmia/-/algorithmia-0.3.10.tgz",
      "integrity": "sha1-9xwgqf9WRmCk0c9zlHmV123jRQw="
    },
    "node_modules/morsee": {
      "version": "1.0.8",
      "resolved": "https://registry.npmjs.org/morsee/-/morsee-1.0.8.tgz",
      "integrity": "sha512-CNH1SpPJuegYEmoZS/P5YfEHCSypalAw4FmrnZGSfyn0WoRdO2P6GLFs/7O+UVRO4Qqwm488W+hJs8MA6H18hQ=="
    }
  },
  "dependencies": {
    "algorithmia": {
      "version": "0.3.10",
      "resolved": "https://registry.npmjs.org/algorithmia/-/algorithmia-0.3.10.tgz",
      "integrity": "sha1-9xwgqf9WRmCk0c9zlHmV123jRQw="
    },
    "morsee": {
      "version": "1.0.8",
      "resolved": "https://registry.npmjs.org/morsee/-/morsee-1.0.8.tgz",
      "integrity": "sha512-CNH1SpPJuegYEmoZS/P5YfEHCSypalAw4FmrnZGSfyn0WoRdO2P6GLFs/7O+UVRO4Qqwm488W+hJs8MA6H18hQ=="
    }
  }
}
